
Microsoft Visual Studio Solution File, Format Version 12.00
# Visual Studio 14
VisualStudioVersion = 14.0.24720.0
MinimumVisualStudioVersion = 10.0.40219.1
Project("{FAE04EC0-301F-11D3-BF4B-00C04F79EFBC}") = "Web.UI", "Web.UI\Web.UI.csproj", "{1A17D335-D26F-4A7F-860E-083F379E5646}"
EndProject
Project("{2150E333-8FDC-42A3-9474-1A3956D46DE8}") = "Birth.BusinessEntity", "Birth.BusinessEntity", "{759E69C0-3C14-41E2-A42A-DD2F5C1428D1}"
EndProject
Project("{2150E333-8FDC-42A3-9474-1A3956D46DE8}") = "Birth.BusinessLogic", "Birth.BusinessLogic", "{648A8CF1-FDD9-4D06-A8B4-922F056E3F1B}"
EndProject
Project("{2150E333-8FDC-42A3-9474-1A3956D46DE8}") = "Birth.DataAccess", "Birth.DataAccess", "{67D8E946-19B8-448F-8EF1-6A43AECC9EA8}"
EndProject
Project("{2150E333-8FDC-42A3-9474-1A3956D46DE8}") = "Birth.Web", "Birth.Web", "{E3D6FF3E-B04D-446F-A317-E926000116CF}"
EndProject
Project("{FAE04EC0-301F-11D3-BF4B-00C04F79EFBC}") = "Birth.BusinessEntity", "Birth.BusinessEntity\Birth.BusinessEntity.csproj", "{3E34CD94-4A5D-4335-8E4D-A24D06A15CA5}"
EndProject
Project("{FAE04EC0-301F-11D3-BF4B-00C04F79EFBC}") = "Birth.BusinessLogic", "Birth.BusinessLogic\Birth.BusinessLogic.csproj", "{095B2C19-7EDA-4809-800C-8614DC7C4556}"
EndProject
Project("{FAE04EC0-301F-11D3-BF4B-00C04F79EFBC}") = "Birth.DataAccess", "Birth.DataAccess\Birth.DataAccess.csproj", "{C358AAD2-CA9D-4ADB-8A7C-F2FA74CCB3BC}"
EndProject
Global
	GlobalSection(SolutionConfigurationPlatforms) = preSolution
		Debug|Any CPU = Debug|Any CPU
		Release|Any CPU = Release|Any CPU
	EndGlobalSection
	GlobalSection(ProjectConfigurationPlatforms) = postSolution
		{1A17D335-D26F-4A7F-860E-083F379E5646}.Debug|Any CPU.ActiveCfg = Debug|Any CPU
		{1A17D335-D26F-4A7F-860E-083F379E5646}.Debug|Any CPU.Build.0 = Debug|Any CPU
		{1A17D335-D26F-4A7F-860E-083F379E5646}.Release|Any CPU.ActiveCfg = Release|Any CPU
		{1A17D335-D26F-4A7F-860E-083F379E5646}.Release|Any CPU.Build.0 = Release|Any CPU
		{3E34CD94-4A5D-4335-8E4D-A24D06A15CA5}.Debug|Any CPU.ActiveCfg = Debug|Any CPU
		{3E34CD94-4A5D-4335-8E4D-A24D06A15CA5}.Debug|Any CPU.Build.0 = Debug|Any CPU
		{3E34CD94-4A5D-4335-8E4D-A24D06A15CA5}.Release|Any CPU.ActiveCfg = Release|Any CPU
		{3E34CD94-4A5D-4335-8E4D-A24D06A15CA5}.Release|Any CPU.Build.0 = Release|Any CPU
		{095B2C19-7EDA-4809-800C-8614DC7C4556}.Debug|Any CPU.ActiveCfg = Debug|Any CPU
		{095B2C19-7EDA-4809-800C-8614DC7C4556}.Debug|Any CPU.Build.0 = Debug|Any CPU
		{095B2C19-7EDA-4809-800C-8614DC7C4556}.Release|Any CPU.ActiveCfg = Release|Any CPU
		{095B2C19-7EDA-4809-800C-8614DC7C4556}.Release|Any CPU.Build.0 = Release|Any CPU
		{C358AAD2-CA9D-4ADB-8A7C-F2FA74CCB3BC}.Debug|Any CPU.ActiveCfg = Debug|Any CPU
		{C358AAD2-CA9D-4ADB-8A7C-F2FA74CCB3BC}.Debug|Any CPU.Build.0 = Debug|Any CPU
		{C358AAD2-CA9D-4ADB-8A7C-F2FA74CCB3BC}.Release|Any CPU.ActiveCfg = Release|Any CPU
		{C358AAD2-CA9D-4ADB-8A7C-F2FA74CCB3BC}.Release|Any CPU.Build.0 = Release|Any CPU
	EndGlobalSection
	GlobalSection(SolutionProperties) = preSolution
		HideSolutionNode = FALSE
	EndGlobalSection
	GlobalSection(NestedProjects) = preSolution
		{1A17D335-D26F-4A7F-860E-083F379E5646} = {E3D6FF3E-B04D-446F-A317-E926000116CF}
		{3E34CD94-4A5D-4335-8E4D-A24D06A15CA5} = {759E69C0-3C14-41E2-A42A-DD2F5C1428D1}
		{095B2C19-7EDA-4809-800C-8614DC7C4556} = {648A8CF1-FDD9-4D06-A8B4-922F056E3F1B}
		{C358AAD2-CA9D-4ADB-8A7C-F2FA74CCB3BC} = {67D8E946-19B8-448F-8EF1-6A43AECC9EA8}
	EndGlobalSection
EndGlobal
